
Microsoft Visual Studio Solution File, Format Version 12.00
# Visual Studio Version 16
VisualStudioVersion = 16.0.31313.79
MinimumVisualStudioVersion = 10.0.40219.1
Project("{9A19103F-16F7-4668-BE54-9A1E7A4F7556}") = "SEProjectApp", "SEProjectApp\SEProjectApp.csproj", "{37CCE47F-FF00-4FE2-A74F-53FBE182E5BA}"
EndProject
Project("{9A19103F-16F7-4668-BE54-9A1E7A4F7556}") = "SEProjectApp.AppLogic", "SEProjectApp.AppLogic\SEProjectApp.AppLogic.csproj", "{F43C99E2-7D0D-4E25-AFDB-BF4FE928FE2B}"
EndProject
Project("{9A19103F-16F7-4668-BE54-9A1E7A4F7556}") = "SEProjectApp.DataAccess", "SEProjectApp.DataAccess\SEProjectApp.DataAccess.csproj", "{0E0A4DE4-C543-412C-A900-3869A93B90CD}"
EndProject
Project("{9A19103F-16F7-4668-BE54-9A1E7A4F7556}") = "SEProjectApp.Abstractions", "SEProjectApp.Abstractions\SEProjectApp.Abstractions.csproj", "{1EFE0065-0BCB-44C6-AB83-6425A307B7E0}"
EndProject
Project("{9A19103F-16F7-4668-BE54-9A1E7A4F7556}") = "SEProjectApp.DataModel", "SEProjectApp.DataModel\SEProjectApp.DataModel.csproj", "{C809F047-EFE5-4E69-88F9-81B6C0693668}"
EndProject
Project("{FAE04EC0-301F-11D3-BF4B-00C04F79EFBC}") = "SEProjectApp.UnitTests", "SEProjectApp.UnitTests\SEProjectApp.UnitTests.csproj", "{95CD6957-3F5F-438C-B8EF-B206010DD8E2}"
EndProject
Global
	GlobalSection(SolutionConfigurationPlatforms) = preSolution
		Debug|Any CPU = Debug|Any CPU
		Release|Any CPU = Release|Any CPU
	EndGlobalSection
	GlobalSection(ProjectConfigurationPlatforms) = postSolution
		{37CCE47F-FF00-4FE2-A74F-53FBE182E5BA}.Debug|Any CPU.ActiveCfg = Debug|Any CPU
		{37CCE47F-FF00-4FE2-A74F-53FBE182E5BA}.Debug|Any CPU.Build.0 = Debug|Any CPU
		{37CCE47F-FF00-4FE2-A74F-53FBE182E5BA}.Release|Any CPU.ActiveCfg = Release|Any CPU
		{37CCE47F-FF00-4FE2-A74F-53FBE182E5BA}.Release|Any CPU.Build.0 = Release|Any CPU
		{F43C99E2-7D0D-4E25-AFDB-BF4FE928FE2B}.Debug|Any CPU.ActiveCfg = Debug|Any CPU
		{F43C99E2-7D0D-4E25-AFDB-BF4FE928FE2B}.Debug|Any CPU.Build.0 = Debug|Any CPU
		{F43C99E2-7D0D-4E25-AFDB-BF4FE928FE2B}.Release|Any CPU.ActiveCfg = Release|Any CPU
		{F43C99E2-7D0D-4E25-AFDB-BF4FE928FE2B}.Release|Any CPU.Build.0 = Release|Any CPU
		{0E0A4DE4-C543-412C-A900-3869A93B90CD}.Debug|Any CPU.ActiveCfg = Debug|Any CPU
		{0E0A4DE4-C543-412C-A900-3869A93B90CD}.Debug|Any CPU.Build.0 = Debug|Any CPU
		{0E0A4DE4-C543-412C-A900-3869A93B90CD}.Release|Any CPU.ActiveCfg = Release|Any CPU
		{0E0A4DE4-C543-412C-A900-3869A93B90CD}.Release|Any CPU.Build.0 = Release|Any CPU
		{1EFE0065-0BCB-44C6-AB83-6425A307B7E0}.Debug|Any CPU.ActiveCfg = Debug|Any CPU
		{1EFE0065-0BCB-44C6-AB83-6425A307B7E0}.Debug|Any CPU.Build.0 = Debug|Any CPU
		{1EFE0065-0BCB-44C6-AB83-6425A307B7E0}.Release|Any CPU.ActiveCfg = Release|Any CPU
		{1EFE0065-0BCB-44C6-AB83-6425A307B7E0}.Release|Any CPU.Build.0 = Release|Any CPU
		{C809F047-EFE5-4E69-88F9-81B6C0693668}.Debug|Any CPU.ActiveCfg = Debug|Any CPU
		{C809F047-EFE5-4E69-88F9-81B6C0693668}.Debug|Any CPU.Build.0 = Debug|Any CPU
		{C809F047-EFE5-4E69-88F9-81B6C0693668}.Release|Any CPU.ActiveCfg = Release|Any CPU
		{C809F047-EFE5-4E69-88F9-81B6C0693668}.Release|Any CPU.Build.0 = Release|Any CPU
		{95CD6957-3F5F-438C-B8EF-B206010DD8E2}.Debug|Any CPU.ActiveCfg = Debug|Any CPU
		{95CD6957-3F5F-438C-B8EF-B206010DD8E2}.Debug|Any CPU.Build.0 = Debug|Any CPU
		{95CD6957-3F5F-438C-B8EF-B206010DD8E2}.Release|Any CPU.ActiveCfg = Release|Any CPU
		{95CD6957-3F5F-438C-B8EF-B206010DD8E2}.Release|Any CPU.Build.0 = Release|Any CPU
	EndGlobalSection
	GlobalSection(SolutionProperties) = preSolution
		HideSolutionNode = FALSE
	EndGlobalSection
	GlobalSection(ExtensibilityGlobals) = postSolution
		SolutionGuid = {1C7D3A8E-4DE8-483C-A763-672112CD7EFB}
	EndGlobalSection
EndGlobal
